// !$*UTF8*$!
{
	archiveVersion = 1;
	classes = {
	};
	objectVersion = 46;
	objects = {

/* Begin PBXBuildFile section */
		079805531EC1DA0D00F5BEF8 /* AppDelegate.swift in Sources */ = {isa = PBXBuildFile; fileRef = 079805521EC1DA0D00F5BEF8 /* AppDelegate.swift */; };
		079805551EC1DA0D00F5BEF8 /* ViewController.swift in Sources */ = {isa = PBXBuildFile; fileRef = 079805541EC1DA0D00F5BEF8 /* ViewController.swift */; };
		079805581EC1DA0D00F5BEF8 /* Main.storyboard in Resources */ = {isa = PBXBuildFile; fileRef = 079805561EC1DA0D00F5BEF8 /* Main.storyboard */; };
		0798055A1EC1DA0D00F5BEF8 /* Assets.xcassets in Resources */ = {isa = PBXBuildFile; fileRef = 079805591EC1DA0D00F5BEF8 /* Assets.xcassets */; };
		0798055D1EC1DA0D00F5BEF8 /* LaunchScreen.storyboard in Resources */ = {isa = PBXBuildFile; fileRef = 0798055B1EC1DA0D00F5BEF8 /* LaunchScreen.storyboard */; };
/* End PBXBuildFile section */

/* Begin PBXFileReference section */
		0798054F1EC1DA0D00F5BEF8 /* LocalNotificationCheck.app */ = {isa = PBXFileReference; explicitFileType = wrapper.application; includeInIndex = 0; path = LocalNotificationCheck.app; sourceTree = BUILT_PRODUCTS_DIR; };
		079805521EC1DA0D00F5BEF8 /* AppDelegate.swift */ = {isa = PBXFileReference; lastKnownFileType = sourcecode.swift; path = AppDelegate.swift; sourceTree = "<group>"; };
		079805541EC1DA0D00F5BEF8 /* ViewController.swift */ = {isa = PBXFileReference; lastKnownFileType = sourcecode.swift; path = ViewController.swift; sourceTree = "<group>"; };
		079805571EC1DA0D00F5BEF8 /* Base */ = {isa = PBXFileReference; lastKnownFileType = file.storyboard; name = Base; path = Base.lproj/Main.storyboard; sourceTree = "<group>"; };
		079805591EC1DA0D00F5BEF8 /* Assets.xcassets */ = {isa = PBXFileReference; lastKnownFileType = folder.assetcatalog; path = Assets.xcassets; sourceTree = "<group>"; };
		0798055C1EC1DA0D00F5BEF8 /* Base */ = {isa = PBXFileReference; lastKnownFileType = file.storyboard; name = Base; path = Base.lproj/LaunchScreen.storyboard; sourceTree = "<group>"; };
		0798055E1EC1DA0D00F5BEF8 /* Info.plist */ = {isa = PBXFileReference; lastKnownFileType = text.plist.xml; path = Info.plist; sourceTree = "<group>"; };
/* End PBXFileReference section */

/* Begin PBXFrameworksBuildPhase section */
		0798054C1EC1DA0D00F5BEF8 /* Frameworks */ = {
			isa = PBXFrameworksBuildPhase;
			buildActionMask = 2147483647;
			files = (
			);
			runOnlyForDeploymentPostprocessing = 0;
		};
/* End PBXFrameworksBuildPhase section */

/* Begin PBXGroup section */
		079805461EC1DA0D00F5BEF8 = {
			isa = PBXGroup;
			children = (
				079805511EC1DA0D00F5BEF8 /* LocalNotificationCheck */,
				079805501EC1DA0D00F5BEF8 /* Products */,
			);
			sourceTree = "<group>";
		};
		079805501EC1DA0D00F5BEF8 /* Products */ = {
			isa = PBXGroup;
			children = (
				0798054F1EC1DA0D00F5BEF8 /* LocalNotificationCheck.app */,
			);
			name = Products;
			sourceTree = "<group>";
		};
		079805511EC1DA0D00F5BEF8 /* LocalNotificationCheck */ = {
			isa = PBXGroup;
			children = (
				079805521EC1DA0D00F5BEF8 /* AppDelegate.swift */,
				079805541EC1DA0D00F5BEF8 /* ViewController.swift */,
				079805561EC1DA0D00F5BEF8 /* Main.storyboard */,
				079805591EC1DA0D00F5BEF8 /* Assets.xcassets */,
				0798055B1EC1DA0D00F5BEF8 /* LaunchScreen.storyboard */,
				0798055E1EC1DA0D00F5BEF8 /* Info.plist */,
			);
			path = LocalNotificationCheck;
			sourceTree = "<group>";
		};
/* End PBXGroup section */

/* Begin PBXNativeTarget section */
		0798054E1EC1DA0D00F5BEF8 /* LocalNotificationCheck */ = {
			isa = PBXNativeTarget;
			buildConfigurationList = 079805611EC1DA0D00F5BEF8 /* Build configuration list for PBXNativeTarget "LocalNotificationCheck" */;
			buildPhases = (
				0798054B1EC1DA0D00F5BEF8 /* Sources */,
				0798054C1EC1DA0D00F5BEF8 /* Frameworks */,
				0798054D1EC1DA0D00F5BEF8 /* Resources */,
			);
			buildRules = (
			);
			dependencies = (
			);
			name = LocalNotificationCheck;
			productName = LocalNotificationCheck;
			productReference = 0798054F1EC1DA0D00F5BEF8 /* LocalNotificationCheck.app */;
			productType = "com.apple.product-type.application";
		};
/* End PBXNativeTarget section */

/* Begin PBXProject section */
		079805471EC1DA0D00F5BEF8 /* Project object */ = {
			isa = PBXProject;
			attributes = {
				LastSwiftUpdateCheck = 0820;
				LastUpgradeCheck = 0820;
				ORGANIZATIONNAME = "Rahul Mane";
				TargetAttributes = {
					0798054E1EC1DA0D00F5BEF8 = {
						CreatedOnToolsVersion = 8.2.1;
						DevelopmentTeam = E3S9UHE7VJ;
						ProvisioningStyle = Automatic;
					};
				};
			};
			buildConfigurationList = 0798054A1EC1DA0D00F5BEF8 /* Build configuration list for PBXProject "LocalNotificationCheck" */;
			compatibilityVersion = "Xcode 3.2";
			developmentRegion = English;
			hasScannedForEncodings = 0;
			knownRegions = (
				en,
				Base,
			);
			mainGroup = 079805461EC1DA0D00F5BEF8;
			productRefGroup = 079805501EC1DA0D00F5BEF8 /* Products */;
			projectDirPath = "";
			projectRoot = "";
			targets = (
				0798054E1EC1DA0D00F5BEF8 /* LocalNotificationCheck */,
			);
		};
/* End PBXProject section */

/* Begin PBXResourcesBuildPhase section */
		0798054D1EC1DA0D00F5BEF8 /* Resources */ = {
			isa = PBXResourcesBuildPhase;
			buildActionMask = 2147483647;
			files = (
				0798055D1EC1DA0D00F5BEF8 /* LaunchScreen.storyboard in Resources */,
				0798055A1EC1DA0D00F5BEF8 /* Assets.xcassets in Resources */,
				079805581EC1DA0D00F5BEF8 /* Main.storyboard in Resources */,
			);
			runOnlyForDeploymentPostprocessing = 0;
		};
/* End PBXResourcesBuildPhase section */

/* Begin PBXSourcesBuildPhase section */
		0798054B1EC1DA0D00F5BEF8 /* Sources */ = {
			isa = PBXSourcesBuildPhase;
			buildActionMask = 2147483647;
			files = (
				079805551EC1DA0D00F5BEF8 /* ViewController.swift in Sources */,
				079805531EC1DA0D00F5BEF8 /* AppDelegate.swift in Sources */,
			);
			runOnlyForDeploymentPostprocessing = 0;
		};
/* End PBXSourcesBuildPhase section */

/* Begin PBXVariantGroup section */
		079805561EC1DA0D00F5BEF8 /* Main.storyboard */ = {
			isa = PBXVariantGroup;
			children = (
				079805571EC1DA0D00F5BEF8 /* Base */,
			);
			name = Main.storyboard;
			sourceTree = "<group>";
		};
		0798055B1EC1DA0D00F5BEF8 /* LaunchScreen.storyboard */ = {
			isa = PBXVariantGroup;
			children = (
				0798055C1EC1DA0D00F5BEF8 /* Base */,
			);
			name = LaunchScreen.storyboard;
			sourceTree = "<group>";
		};
/* End PBXVariantGroup section */

/* Begin XCBuildConfiguration section */
		0798055F1EC1DA0D00F5BEF8 /* Debug */ = {
			isa = XCBuildConfiguration;
			buildSettings = {
				ALWAYS_SEARCH_USER_PATHS = NO;
				CLANG_ANALYZER_NONNULL = YES;
				CLANG_CXX_LANGUAGE_STANDARD = "gnu++0x";
				CLANG_CXX_LIBRARY = "libc++";
				CLANG_ENABLE_MODULES = YES;
				CLANG_ENABLE_OBJC_ARC = YES;
				CLANG_WARN_BOOL_CONVERSION = YES;
				CLANG_WARN_CONSTANT_CONVERSION = YES;
				CLANG_WARN_DIRECT_OBJC_ISA_USAGE = YES_ERROR;
				CLANG_WARN_DOCUMENTATION_COMMENTS = YES;
				CLANG_WARN_EMPTY_BODY = YES;
				CLANG_WARN_ENUM_CONVERSION = YES;
				CLANG_WARN_INFINITE_RECURSION = YES;
				CLANG_WARN_INT_CONVERSION = YES;
				CLANG_WARN_OBJC_ROOT_CLASS = YES_ERROR;
				CLANG_WARN_SUSPICIOUS_MOVE = YES;
				CLANG_WARN_UNREACHABLE_CODE = YES;
				CLANG_WARN__DUPLICATE_METHOD_MATCH = YES;
				"CODE_SIGN_IDENTITY[sdk=iphoneos*]" = "iPhone Developer";
				COPY_PHASE_STRIP = NO;
				DEBUG_INFORMATION_FORMAT = dwarf;
				ENABLE_STRICT_OBJC_MSGSEND = YES;
				ENABLE_TESTABILITY = YES;
				GCC_C_LANGUAGE_STANDARD = gnu99;
				GCC_DYNAMIC_NO_PIC = NO;
				GCC_NO_COMMON_BLOCKS = YES;
				GCC_OPTIMIZATION_LEVEL = 0;
				GCC_PREPROCESSOR_DEFINITIONS = (
					"DEBUG=1",
					"$(inherited)",
				);
				GCC_WARN_64_TO_32_BIT_CONVERSION = YES;
				GCC_WARN_ABOUT_RETURN_TYPE = YES_ERROR;
				GCC_WARN_UNDECLARED_SELECTOR = YES;
				GCC_WARN_UNINITIALIZED_AUTOS = YES_AGGRESSIVE;
				GCC_WARN_UNUSED_FUNCTION = YES;
				GCC_WARN_UNUSED_VARIABLE = YES;
				IPHONEOS_DEPLOYMENT_TARGET = 9.0;
				MTL_ENABLE_DEBUG_INFO = YES;
				ONLY_ACTIVE_ARCH = YES;
				SDKROOT = iphoneos;
				SWIFT_ACTIVE_COMPILATION_CONDITIONS = DEBUG;
				SWIFT_OPTIMIZATION_LEVEL = "-Onone";
				TARGETED_DEVICE_FAMILY = "1,2";
			};
			name = Debug;
		};
		079805601EC1DA0D00F5BEF8 /* Release */ = {
			isa = XCBuildConfiguration;
			buildSettings = {
				ALWAYS_SEARCH_USER_PATHS = NO;
				CLANG_ANALYZER_NONNULL = YES;
				CLANG_CXX_LANGUAGE_STANDARD = "gnu++0x";
				CLANG_CXX_LIBRARY = "libc++";
				CLANG_ENABLE_MODULES = YES;
				CLANG_ENABLE_OBJC_ARC = YES;
				CLANG_WARN_BOOL_CONVERSION = YES;
				CLANG_WARN_CONSTANT_CONVERSION = YES;
				CLANG_WARN_DIRECT_OBJC_ISA_USAGE = YES_ERROR;
				CLANG_WARN_DOCUMENTATION_COMMENTS = YES;
				CLANG_WARN_EMPTY_BODY = YES;
				CLANG_WARN_ENUM_CONVERSION = YES;
				CLANG_WARN_INFINITE_RECURSION = YES;
				CLANG_WARN_INT_CONVERSION = YES;
				CLANG_WARN_OBJC_ROOT_CLASS = YES_ERROR;
				CLANG_WARN_SUSPICIOUS_MOVE = YES;
				CLANG_WARN_UNREACHABLE_CODE = YES;
				CLANG_WARN__DUPLICATE_METHOD_MATCH = YES;
				"CODE_SIGN_IDENTITY[sdk=iphoneos*]" = "iPhone Developer";
				COPY_PHASE_STRIP = NO;
				DEBUG_INFORMATION_FORMAT = "dwarf-with-dsym";
				ENABLE_NS_ASSERTIONS = NO;
				ENABLE_STRICT_OBJC_MSGSEND = YES;
				GCC_C_LANGUAGE_STANDARD = gnu99;
				GCC_NO_COMMON_BLOCKS = YES;
				GCC_WARN_64_TO_32_BIT_CONVERSION = YES;
				GCC_WARN_ABOUT_RETURN_TYPE = YES_ERROR;
				GCC_WARN_UNDECLARED_SELECTOR = YES;
				GCC_WARN_UNINITIALIZED_AUTOS = YES_AGGRESSIVE;
				GCC_WARN_UNUSED_FUNCTION = YES;
				GCC_WARN_UNUSED_VARIABLE = YES;
				IPHONEOS_DEPLOYMENT_TARGET = 9.0;
				MTL_ENABLE_DEBUG_INFO = NO;
				SDKROOT = iphoneos;
				SWIFT_OPTIMIZATION_LEVEL = "-Owholemodule";
				TARGETED_DEVICE_FAMILY = "1,2";
				VALIDATE_PRODUCT = YES;
			};
			name = Release;
		};
		079805621EC1DA0D00F5BEF8 /* Debug */ = {
			isa = XCBuildConfiguration;
			buildSettings = {
				ASSETCATALOG_COMPILER_APPICON_NAME = AppIcon;
				"CODE_SIGN_IDENTITY[sdk=iphoneos*]" = "iPhone Developer";
				DEVELOPMENT_TEAM = E3S9UHE7VJ;
				INFOPLIST_FILE = LocalNotificationCheck/Info.plist;
				LD_RUNPATH_SEARCH_PATHS = "$(inherited) @executable_path/Frameworks";
				PRODUCT_BUNDLE_IDENTIFIER = com.vignet.LocalNotificationCheck;
				PRODUCT_NAME = "$(TARGET_NAME)";
				SWIFT_VERSION = 3.0;
			};
			name = Debug;
		};
		079805631EC1DA0D00F5BEF8 /* Release */ = {
			isa = XCBuildConfiguration;
			buildSettings = {
				ASSETCATALOG_COMPILER_APPICON_NAME = AppIcon;
				"CODE_SIGN_IDENTITY[sdk=iphoneos*]" = "iPhone Developer";
				DEVELOPMENT_TEAM = E3S9UHE7VJ;
				INFOPLIST_FILE = LocalNotificationCheck/Info.plist;
				LD_RUNPATH_SEARCH_PATHS = "$(inherited) @executable_path/Frameworks";
				PRODUCT_BUNDLE_IDENTIFIER = com.vignet.LocalNotificationCheck;
				PRODUCT_NAME = "$(TARGET_NAME)";
				SWIFT_VERSION = 3.0;
			};
			name = Release;
		};
/* End XCBuildConfiguration section */

/* Begin XCConfigurationList section */
		0798054A1EC1DA0D00F5BEF8 /* Build configuration list for PBXProject "LocalNotificationCheck" */ = {
			isa = XCConfigurationList;
			buildConfigurations = (
				0798055F1EC1DA0D00F5BEF8 /* Debug */,
				079805601EC1DA0D00F5BEF8 /* Release */,
			);
			defaultConfigurationIsVisible = 0;
			defaultConfigurationName = Release;
		};
		079805611EC1DA0D00F5BEF8 /* Build configuration list for PBXNativeTarget "LocalNotificationCheck" */ = {
			isa = XCConfigurationList;
			buildConfigurations = (
				079805621EC1DA0D00F5BEF8 /* Debug */,
				079805631EC1DA0D00F5BEF8 /* Release */,
			);
			defaultConfigurationIsVisible = 0;
			defaultConfigurationName = Release;
		};
/* End XCConfigurationList section */
	};
	rootObject = 079805471EC1DA0D00F5BEF8 /* Project object */;
}
